
Microsoft Visual Studio Solution File, Format Version 12.00
# Visual Studio 14
VisualStudioVersion = 14.0.23107.0
MinimumVisualStudioVersion = 10.0.40219.1
Project("{FAE04EC0-301F-11D3-BF4B-00C04F79EFBC}") = "Eaardal.Shouldly.Norwegian", "Eaardal.Shouldly.Norwegian\Eaardal.Shouldly.Norwegian.csproj", "{08718650-80BB-423F-990E-735C860A5188}"
EndProject
Project("{2150E333-8FDC-42A3-9474-1A3956D46DE8}") = "Solution Items", "Solution Items", "{B58F8551-6974-472F-A7E6-739D9074036D}"
EndProject
Global
	GlobalSection(SolutionConfigurationPlatforms) = preSolution
		Debug|Any CPU = Debug|Any CPU
		Release|Any CPU = Release|Any CPU
	EndGlobalSection
	GlobalSection(ProjectConfigurationPlatforms) = postSolution
		{08718650-80BB-423F-990E-735C860A5188}.Debug|Any CPU.ActiveCfg = Debug|Any CPU
		{08718650-80BB-423F-990E-735C860A5188}.Debug|Any CPU.Build.0 = Debug|Any CPU
		{08718650-80BB-423F-990E-735C860A5188}.Release|Any CPU.ActiveCfg = Release|Any CPU
		{08718650-80BB-423F-990E-735C860A5188}.Release|Any CPU.Build.0 = Release|Any CPU
	EndGlobalSection
	GlobalSection(SolutionProperties) = preSolution
		HideSolutionNode = FALSE
	EndGlobalSection
EndGlobal
